
Microsoft Visual Studio Solution File, Format Version 12.00
# Visual Studio 15
VisualStudioVersion = 15.0.28307.1022
MinimumVisualStudioVersion = 10.0.40219.1
Project("{8BC9CEB8-8B4A-11D0-8D11-00A0C91BC942}") = "W3.1", "W3.1\W3.1.vcxproj", "{3F029273-20F6-4702-93EA-326C01BCE7DF}"
EndProject
Global
	GlobalSection(SolutionConfigurationPlatforms) = preSolution
		Debug|x64 = Debug|x64
		Debug|x86 = Debug|x86
		Release|x64 = Release|x64
		Release|x86 = Release|x86
	EndGlobalSection
	GlobalSection(ProjectConfigurationPlatforms) = postSolution
		{3F029273-20F6-4702-93EA-326C01BCE7DF}.Debug|x64.ActiveCfg = Debug|x64
		{3F029273-20F6-4702-93EA-326C01BCE7DF}.Debug|x64.Build.0 = Debug|x64
		{3F029273-20F6-4702-93EA-326C01BCE7DF}.Debug|x86.ActiveCfg = Debug|Win32
		{3F029273-20F6-4702-93EA-326C01BCE7DF}.Debug|x86.Build.0 = Debug|Win32
		{3F029273-20F6-4702-93EA-326C01BCE7DF}.Release|x64.ActiveCfg = Release|x64
		{3F029273-20F6-4702-93EA-326C01BCE7DF}.Release|x64.Build.0 = Release|x64
		{3F029273-20F6-4702-93EA-326C01BCE7DF}.Release|x86.ActiveCfg = Release|Win32
		{3F029273-20F6-4702-93EA-326C01BCE7DF}.Release|x86.Build.0 = Release|Win32
	EndGlobalSection
	GlobalSection(SolutionProperties) = preSolution
		HideSolutionNode = FALSE
	EndGlobalSection
	GlobalSection(ExtensibilityGlobals) = postSolution
		SolutionGuid = {8FE5FDBF-62CB-4A7A-9430-D464FF728A52}
	EndGlobalSection
EndGlobal
